// !$*UTF8*$!
{
	archiveVersion = 1;
	classes = {
	};
	objectVersion = 77;
	objects = {

/* Begin PBXContainerItemProxy section */
		CFEC87FC2E17C6750098F384 /* PBXContainerItemProxy */ = {
			isa = PBXContainerItemProxy;
			containerPortal = CFEC87E22E17C6740098F384 /* Project object */;
			proxyType = 1;
			remoteGlobalIDString = CFEC87E92E17C6740098F384;
			remoteInfo = DesktopPet;
		};
		CFEC88062E17C6750098F384 /* PBXContainerItemProxy */ = {
			isa = PBXContainerItemProxy;
			containerPortal = CFEC87E22E17C6740098F384 /* Project object */;
			proxyType = 1;
			remoteGlobalIDString = CFEC87E92E17C6740098F384;
			remoteInfo = DesktopPet;
		};
/* End PBXContainerItemProxy section */

/* Begin PBXFileReference section */
		CFEC87EA2E17C6740098F384 /* DesktopPet.app */ = {isa = PBXFileReference; explicitFileType = wrapper.application; includeInIndex = 0; path = DesktopPet.app; sourceTree = BUILT_PRODUCTS_DIR; };
		CFEC87FB2E17C6750098F384 /* DesktopPetTests.xctest */ = {isa = PBXFileReference; explicitFileType = wrapper.cfbundle; includeInIndex = 0; path = DesktopPetTests.xctest; sourceTree = BUILT_PRODUCTS_DIR; };
		CFEC88052E17C6750098F384 /* DesktopPetUITests.xctest */ = {isa = PBXFileReference; explicitFileType = wrapper.cfbundle; includeInIndex = 0; path = DesktopPetUITests.xctest; sourceTree = BUILT_PRODUCTS_DIR; };
/* End PBXFileReference section */

/* Begin PBXFileSystemSynchronizedRootGroup section */
		CFEC87EC2E17C6740098F384 /* DesktopPet */ = {
			isa = PBXFileSystemSynchronizedRootGroup;
			path = DesktopPet;
			sourceTree = "<group>";
		};
		CFEC87FE2E17C6750098F384 /* DesktopPetTests */ = {
			isa = PBXFileSystemSynchronizedRootGroup;
			path = DesktopPetTests;
			sourceTree = "<group>";
		};
		CFEC88082E17C6750098F384 /* DesktopPetUITests */ = {
			isa = PBXFileSystemSynchronizedRootGroup;
			path = DesktopPetUITests;
			sourceTree = "<group>";
		};
/* End PBXFileSystemSynchronizedRootGroup section */

/* Begin PBXFrameworksBuildPhase section */
		CFEC87E72E17C6740098F384 /* Frameworks */ = {
			isa = PBXFrameworksBuildPhase;
			buildActionMask = 2147483647;
			files = (
			);
			runOnlyForDeploymentPostprocessing = 0;
		};
		CFEC87F82E17C6750098F384 /* Frameworks */ = {
			isa = PBXFrameworksBuildPhase;
			buildActionMask = 2147483647;
			files = (
			);
			runOnlyForDeploymentPostprocessing = 0;
		};
		CFEC88022E17C6750098F384 /* Frameworks */ = {
			isa = PBXFrameworksBuildPhase;
			buildActionMask = 2147483647;
			files = (
			);
			runOnlyForDeploymentPostprocessing = 0;
		};
/* End PBXFrameworksBuildPhase section */

/* Begin PBXGroup section */
		CFEC87E12E17C6740098F384 = {
			isa = PBXGroup;
			children = (
				CFEC87EC2E17C6740098F384 /* DesktopPet */,
				CFEC87FE2E17C6750098F384 /* DesktopPetTests */,
				CFEC88082E17C6750098F384 /* DesktopPetUITests */,
				CFEC87EB2E17C6740098F384 /* Products */,
			);
			sourceTree = "<group>";
		};
		CFEC87EB2E17C6740098F384 /* Products */ = {
			isa = PBXGroup;
			children = (
				CFEC87EA2E17C6740098F384 /* DesktopPet.app */,
				CFEC87FB2E17C6750098F384 /* DesktopPetTests.xctest */,
				CFEC88052E17C6750098F384 /* DesktopPetUITests.xctest */,
			);
			name = Products;
			sourceTree = "<group>";
		};
/* End PBXGroup section */

/* Begin PBXNativeTarget section */
		CFEC87E92E17C6740098F384 /* DesktopPet */ = {
			isa = PBXNativeTarget;
			buildConfigurationList = CFEC880F2E17C6750098F384 /* Build configuration list for PBXNativeTarget "DesktopPet" */;
			buildPhases = (
				CFEC87E62E17C6740098F384 /* Sources */,
				CFEC87E72E17C6740098F384 /* Frameworks */,
				CFEC87E82E17C6740098F384 /* Resources */,
			);
			buildRules = (
			);
			dependencies = (
			);
			fileSystemSynchronizedGroups = (
				CFEC87EC2E17C6740098F384 /* DesktopPet */,
			);
			name = DesktopPet;
			packageProductDependencies = (
			);
			productName = DesktopPet;
			productReference = CFEC87EA2E17C6740098F384 /* DesktopPet.app */;
			productType = "com.apple.product-type.application";
		};
		CFEC87FA2E17C6750098F384 /* DesktopPetTests */ = {
			isa = PBXNativeTarget;
			buildConfigurationList = CFEC88122E17C6750098F384 /* Build configuration list for PBXNativeTarget "DesktopPetTests" */;
			buildPhases = (
				CFEC87F72E17C6750098F384 /* Sources */,
				CFEC87F82E17C6750098F384 /* Frameworks */,
				CFEC87F92E17C6750098F384 /* Resources */,
			);
			buildRules = (
			);
			dependencies = (
				CFEC87FD2E17C6750098F384 /* PBXTargetDependency */,
			);
			fileSystemSynchronizedGroups = (
				CFEC87FE2E17C6750098F384 /* DesktopPetTests */,
			);
			name = DesktopPetTests;
			packageProductDependencies = (
			);
			productName = DesktopPetTests;
			productReference = CFEC87FB2E17C6750098F384 /* DesktopPetTests.xctest */;
			productType = "com.apple.product-type.bundle.unit-test";
		};
		CFEC88042E17C6750098F384 /* DesktopPetUITests */ = {
			isa = PBXNativeTarget;
			buildConfigurationList = CFEC88152E17C6750098F384 /* Build configuration list for PBXNativeTarget "DesktopPetUITests" */;
			buildPhases = (
				CFEC88012E17C6750098F384 /* Sources */,
				CFEC88022E17C6750098F384 /* Frameworks */,
				CFEC88032E17C6750098F384 /* Resources */,
			);
			buildRules = (
			);
			dependencies = (
				CFEC88072E17C6750098F384 /* PBXTargetDependency */,
			);
			fileSystemSynchronizedGroups = (
				CFEC88082E17C6750098F384 /* DesktopPetUITests */,
			);
			name = DesktopPetUITests;
			packageProductDependencies = (
			);
			productName = DesktopPetUITests;
			productReference = CFEC88052E17C6750098F384 /* DesktopPetUITests.xctest */;
			productType = "com.apple.product-type.bundle.ui-testing";
		};
/* End PBXNativeTarget section */

/* Begin PBXProject section */
		CFEC87E22E17C6740098F384 /* Project object */ = {
			isa = PBXProject;
			attributes = {
				BuildIndependentTargetsInParallel = 1;
				LastSwiftUpdateCheck = 1640;
				LastUpgradeCheck = 1640;
				TargetAttributes = {
					CFEC87E92E17C6740098F384 = {
						CreatedOnToolsVersion = 16.4;
					};
					CFEC87FA2E17C6750098F384 = {
						CreatedOnToolsVersion = 16.4;
						TestTargetID = CFEC87E92E17C6740098F384;
					};
					CFEC88042E17C6750098F384 = {
						CreatedOnToolsVersion = 16.4;
						TestTargetID = CFEC87E92E17C6740098F384;
					};
				};
			};
			buildConfigurationList = CFEC87E52E17C6740098F384 /* Build configuration list for PBXProject "DesktopPet" */;
			developmentRegion = en;
			hasScannedForEncodings = 0;
			knownRegions = (
				en,
				Base,
			);
			mainGroup = CFEC87E12E17C6740098F384;
			minimizedProjectReferenceProxies = 1;
			preferredProjectObjectVersion = 77;
			productRefGroup = CFEC87EB2E17C6740098F384 /* Products */;
			projectDirPath = "";
			projectRoot = "";
			targets = (
				CFEC87E92E17C6740098F384 /* DesktopPet */,
				CFEC87FA2E17C6750098F384 /* DesktopPetTests */,
				CFEC88042E17C6750098F384 /* DesktopPetUITests */,
			);
		};
/* End PBXProject section */

/* Begin PBXResourcesBuildPhase section */
		CFEC87E82E17C6740098F384 /* Resources */ = {
			isa = PBXResourcesBuildPhase;
			buildActionMask = 2147483647;
			files = (
			);
			runOnlyForDeploymentPostprocessing = 0;
		};
		CFEC87F92E17C6750098F384 /* Resources */ = {
			isa = PBXResourcesBuildPhase;
			buildActionMask = 2147483647;
			files = (
			);
			runOnlyForDeploymentPostprocessing = 0;
		};
		CFEC88032E17C6750098F384 /* Resources */ = {
			isa = PBXResourcesBuildPhase;
			buildActionMask = 2147483647;
			files = (
			);
			runOnlyForDeploymentPostprocessing = 0;
		};
/* End PBXResourcesBuildPhase section */

/* Begin PBXSourcesBuildPhase section */
		CFEC87E62E17C6740098F384 /* Sources */ = {
			isa = PBXSourcesBuildPhase;
			buildActionMask = 2147483647;
			files = (
			);
			runOnlyForDeploymentPostprocessing = 0;
		};
		CFEC87F72E17C6750098F384 /* Sources */ = {
			isa = PBXSourcesBuildPhase;
			buildActionMask = 2147483647;
			files = (
			);
			runOnlyForDeploymentPostprocessing = 0;
		};
		CFEC88012E17C6750098F384 /* Sources */ = {
			isa = PBXSourcesBuildPhase;
			buildActionMask = 2147483647;
			files = (
			);
			runOnlyForDeploymentPostprocessing = 0;
		};
/* End PBXSourcesBuildPhase section */

/* Begin PBXTargetDependency section */
		CFEC87FD2E17C6750098F384 /* PBXTargetDependency */ = {
			isa = PBXTargetDependency;
			target = CFEC87E92E17C6740098F384 /* DesktopPet */;
			targetProxy = CFEC87FC2E17C6750098F384 /* PBXContainerItemProxy */;
		};
		CFEC88072E17C6750098F384 /* PBXTargetDependency */ = {
			isa = PBXTargetDependency;
			target = CFEC87E92E17C6740098F384 /* DesktopPet */;
			targetProxy = CFEC88062E17C6750098F384 /* PBXContainerItemProxy */;
		};
/* End PBXTargetDependency section */

/* Begin XCBuildConfiguration section */
		CFEC880D2E17C6750098F384 /* Debug */ = {
			isa = XCBuildConfiguration;
			buildSettings = {
				ALWAYS_SEARCH_USER_PATHS = NO;
				ASSETCATALOG_COMPILER_GENERATE_SWIFT_ASSET_SYMBOL_EXTENSIONS = YES;
				CLANG_ANALYZER_NONNULL = YES;
				CLANG_ANALYZER_NUMBER_OBJECT_CONVERSION = YES_AGGRESSIVE;
				CLANG_CXX_LANGUAGE_STANDARD = "gnu++20";
				CLANG_ENABLE_MODULES = YES;
				CLANG_ENABLE_OBJC_ARC = YES;
				CLANG_ENABLE_OBJC_WEAK = YES;
				CLANG_WARN_BLOCK_CAPTURE_AUTORELEASING = YES;
				CLANG_WARN_BOOL_CONVERSION = YES;
				CLANG_WARN_COMMA = YES;
				CLANG_WARN_CONSTANT_CONVERSION = YES;
				CLANG_WARN_DEPRECATED_OBJC_IMPLEMENTATIONS = YES;
				CLANG_WARN_DIRECT_OBJC_ISA_USAGE = YES_ERROR;
				CLANG_WARN_DOCUMENTATION_COMMENTS = YES;
				CLANG_WARN_EMPTY_BODY = YES;
				CLANG_WARN_ENUM_CONVERSION = YES;
				CLANG_WARN_INFINITE_RECURSION = YES;
				CLANG_WARN_INT_CONVERSION = YES;
				CLANG_WARN_NON_LITERAL_NULL_CONVERSION = YES;
				CLANG_WARN_OBJC_IMPLICIT_RETAIN_SELF = YES;
				CLANG_WARN_OBJC_LITERAL_CONVERSION = YES;
				CLANG_WARN_OBJC_ROOT_CLASS = YES_ERROR;
				CLANG_WARN_QUOTED_INCLUDE_IN_FRAMEWORK_HEADER = YES;
				CLANG_WARN_RANGE_LOOP_ANALYSIS = YES;
				CLANG_WARN_STRICT_PROTOTYPES = YES;
				CLANG_WARN_SUSPICIOUS_MOVE = YES;
				CLANG_WARN_UNGUARDED_AVAILABILITY = YES_AGGRESSIVE;
				CLANG_WARN_UNREACHABLE_CODE = YES;
				CLANG_WARN__DUPLICATE_METHOD_MATCH = YES;
				COPY_PHASE_STRIP = NO;
				DEBUG_INFORMATION_FORMAT = dwarf;
				ENABLE_STRICT_OBJC_MSGSEND = YES;
				ENABLE_TESTABILITY = YES;
				ENABLE_USER_SCRIPT_SANDBOXING = YES;
				GCC_C_LANGUAGE_STANDARD = gnu17;
				GCC_DYNAMIC_NO_PIC = NO;
				GCC_NO_COMMON_BLOCKS = YES;
				GCC_OPTIMIZATION_LEVEL = 0;
				GCC_PREPROCESSOR_DEFINITIONS = (
					"DEBUG=1",
					"$(inherited)",
				);
				GCC_WARN_64_TO_32_BIT_CONVERSION = YES;
				GCC_WARN_ABOUT_RETURN_TYPE = YES_ERROR;
				GCC_WARN_UNDECLARED_SELECTOR = YES;
				GCC_WARN_UNINITIALIZED_AUTOS = YES_AGGRESSIVE;
				GCC_WARN_UNUSED_FUNCTION = YES;
				GCC_WARN_UNUSED_VARIABLE = YES;
				LOCALIZATION_PREFERS_STRING_CATALOGS = YES;
				MACOSX_DEPLOYMENT_TARGET = 15.3;
				MTL_ENABLE_DEBUG_INFO = INCLUDE_SOURCE;
				MTL_FAST_MATH = YES;
				ONLY_ACTIVE_ARCH = YES;
				SDKROOT = macosx;
				SWIFT_ACTIVE_COMPILATION_CONDITIONS = "DEBUG $(inherited)";
				SWIFT_OPTIMIZATION_LEVEL = "-Onone";
			};
			name = Debug;
		};
		CFEC880E2E17C6750098F384 /* Release */ = {
			isa = XCBuildConfiguration;
			buildSettings = {
				ALWAYS_SEARCH_USER_PATHS = NO;
				ASSETCATALOG_COMPILER_GENERATE_SWIFT_ASSET_SYMBOL_EXTENSIONS = YES;
				CLANG_ANALYZER_NONNULL = YES;
				CLANG_ANALYZER_NUMBER_OBJECT_CONVERSION = YES_AGGRESSIVE;
				CLANG_CXX_LANGUAGE_STANDARD = "gnu++20";
				CLANG_ENABLE_MODULES = YES;
				CLANG_ENABLE_OBJC_ARC = YES;
				CLANG_ENABLE_OBJC_WEAK = YES;
				CLANG_WARN_BLOCK_CAPTURE_AUTORELEASING = YES;
				CLANG_WARN_BOOL_CONVERSION = YES;
				CLANG_WARN_COMMA = YES;
				CLANG_WARN_CONSTANT_CONVERSION = YES;
				CLANG_WARN_DEPRECATED_OBJC_IMPLEMENTATIONS = YES;
				CLANG_WARN_DIRECT_OBJC_ISA_USAGE = YES_ERROR;
				CLANG_WARN_DOCUMENTATION_COMMENTS = YES;
				CLANG_WARN_EMPTY_BODY = YES;
				CLANG_WARN_ENUM_CONVERSION = YES;
				CLANG_WARN_INFINITE_RECURSION = YES;
				CLANG_WARN_INT_CONVERSION = YES;
				CLANG_WARN_NON_LITERAL_NULL_CONVERSION = YES;
				CLANG_WARN_OBJC_IMPLICIT_RETAIN_SELF = YES;
				CLANG_WARN_OBJC_LITERAL_CONVERSION = YES;
				CLANG_WARN_OBJC_ROOT_CLASS = YES_ERROR;
				CLANG_WARN_QUOTED_INCLUDE_IN_FRAMEWORK_HEADER = YES;
				CLANG_WARN_RANGE_LOOP_ANALYSIS = YES;
				CLANG_WARN_STRICT_PROTOTYPES = YES;
				CLANG_WARN_SUSPICIOUS_MOVE = YES;
				CLANG_WARN_UNGUARDED_AVAILABILITY = YES_AGGRESSIVE;
				CLANG_WARN_UNREACHABLE_CODE = YES;
				CLANG_WARN__DUPLICATE_METHOD_MATCH = YES;
				COPY_PHASE_STRIP = NO;
				DEBUG_INFORMATION_FORMAT = "dwarf-with-dsym";
				ENABLE_NS_ASSERTIONS = NO;
				ENABLE_STRICT_OBJC_MSGSEND = YES;
				ENABLE_USER_SCRIPT_SANDBOXING = YES;
				GCC_C_LANGUAGE_STANDARD = gnu17;
				GCC_NO_COMMON_BLOCKS = YES;
				GCC_WARN_64_TO_32_BIT_CONVERSION = YES;
				GCC_WARN_ABOUT_RETURN_TYPE = YES_ERROR;
				GCC_WARN_UNDECLARED_SELECTOR = YES;
				GCC_WARN_UNINITIALIZED_AUTOS = YES_AGGRESSIVE;
				GCC_WARN_UNUSED_FUNCTION = YES;
				GCC_WARN_UNUSED_VARIABLE = YES;
				LOCALIZATION_PREFERS_STRING_CATALOGS = YES;
				MACOSX_DEPLOYMENT_TARGET = 15.3;
				MTL_ENABLE_DEBUG_INFO = NO;
				MTL_FAST_MATH = YES;
				SDKROOT = macosx;
				SWIFT_COMPILATION_MODE = wholemodule;
			};
			name = Release;
		};
		CFEC88102E17C6750098F384 /* Debug */ = {
			isa = XCBuildConfiguration;
			buildSettings = {
				ASSETCATALOG_COMPILER_APPICON_NAME = AppIcon;
				ASSETCATALOG_COMPILER_GLOBAL_ACCENT_COLOR_NAME = AccentColor;
				CODE_SIGN_ENTITLEMENTS = DesktopPet/DesktopPet.entitlements;
				CODE_SIGN_STYLE = Automatic;
				COMBINE_HIDPI_IMAGES = YES;
				CURRENT_PROJECT_VERSION = 1;
				GENERATE_INFOPLIST_FILE = YES;
				INFOPLIST_KEY_NSHumanReadableCopyright = "";
				INFOPLIST_KEY_NSMainStoryboardFile = Main;
				INFOPLIST_KEY_NSPrincipalClass = NSApplication;
				LD_RUNPATH_SEARCH_PATHS = (
					"$(inherited)",
					"@executable_path/../Frameworks",
				);
				MARKETING_VERSION = 1.0;
				PRODUCT_BUNDLE_IDENTIFIER = com.liruihua.DesktopPet;
				PRODUCT_NAME = "$(TARGET_NAME)";
				REGISTER_APP_GROUPS = YES;
				SWIFT_EMIT_LOC_STRINGS = YES;
				SWIFT_VERSION = 5.0;
			};
			name = Debug;
		};
		CFEC88112E17C6750098F384 /* Release */ = {
			isa = XCBuildConfiguration;
			buildSettings = {
				ASSETCATALOG_COMPILER_APPICON_NAME = AppIcon;
				ASSETCATALOG_COMPILER_GLOBAL_ACCENT_COLOR_NAME = AccentColor;
				CODE_SIGN_ENTITLEMENTS = DesktopPet/DesktopPet.entitlements;
				CODE_SIGN_STYLE = Automatic;
				COMBINE_HIDPI_IMAGES = YES;
				CURRENT_PROJECT_VERSION = 1;
				GENERATE_INFOPLIST_FILE = YES;
				INFOPLIST_KEY_NSHumanReadableCopyright = "";
				INFOPLIST_KEY_NSMainStoryboardFile = Main;
				INFOPLIST_KEY_NSPrincipalClass = NSApplication;
				LD_RUNPATH_SEARCH_PATHS = (
					"$(inherited)",
					"@executable_path/../Frameworks",
				);
				MARKETING_VERSION = 1.0;
				PRODUCT_BUNDLE_IDENTIFIER = com.liruihua.DesktopPet;
				PRODUCT_NAME = "$(TARGET_NAME)";
				REGISTER_APP_GROUPS = YES;
				SWIFT_EMIT_LOC_STRINGS = YES;
				SWIFT_VERSION = 5.0;
			};
			name = Release;
		};
		CFEC88132E17C6750098F384 /* Debug */ = {
			isa = XCBuildConfiguration;
			buildSettings = {
				BUNDLE_LOADER = "$(TEST_HOST)";
				CODE_SIGN_STYLE = Automatic;
				CURRENT_PROJECT_VERSION = 1;
				GENERATE_INFOPLIST_FILE = YES;
				MACOSX_DEPLOYMENT_TARGET = 15.3;
				MARKETING_VERSION = 1.0;
				PRODUCT_BUNDLE_IDENTIFIER = com.liruihua.DesktopPetTests;
				PRODUCT_NAME = "$(TARGET_NAME)";
				SWIFT_EMIT_LOC_STRINGS = NO;
				SWIFT_VERSION = 5.0;
				TEST_HOST = "$(BUILT_PRODUCTS_DIR)/DesktopPet.app/$(BUNDLE_EXECUTABLE_FOLDER_PATH)/DesktopPet";
			};
			name = Debug;
		};
		CFEC88142E17C6750098F384 /* Release */ = {
			isa = XCBuildConfiguration;
			buildSettings = {
				BUNDLE_LOADER = "$(TEST_HOST)";
				CODE_SIGN_STYLE = Automatic;
				CURRENT_PROJECT_VERSION = 1;
				GENERATE_INFOPLIST_FILE = YES;
				MACOSX_DEPLOYMENT_TARGET = 15.3;
				MARKETING_VERSION = 1.0;
				PRODUCT_BUNDLE_IDENTIFIER = com.liruihua.DesktopPetTests;
				PRODUCT_NAME = "$(TARGET_NAME)";
				SWIFT_EMIT_LOC_STRINGS = NO;
				SWIFT_VERSION = 5.0;
				TEST_HOST = "$(BUILT_PRODUCTS_DIR)/DesktopPet.app/$(BUNDLE_EXECUTABLE_FOLDER_PATH)/DesktopPet";
			};
			name = Release;
		};
		CFEC88162E17C6750098F384 /* Debug */ = {
			isa = XCBuildConfiguration;
			buildSettings = {
				CODE_SIGN_STYLE = Automatic;
				CURRENT_PROJECT_VERSION = 1;
				GENERATE_INFOPLIST_FILE = YES;
				MARKETING_VERSION = 1.0;
				PRODUCT_BUNDLE_IDENTIFIER = com.liruihua.DesktopPetUITests;
				PRODUCT_NAME = "$(TARGET_NAME)";
				SWIFT_EMIT_LOC_STRINGS = NO;
				SWIFT_VERSION = 5.0;
				TEST_TARGET_NAME = DesktopPet;
			};
			name = Debug;
		};
		CFEC88172E17C6750098F384 /* Release */ = {
			isa = XCBuildConfiguration;
			buildSettings = {
				CODE_SIGN_STYLE = Automatic;
				CURRENT_PROJECT_VERSION = 1;
				GENERATE_INFOPLIST_FILE = YES;
				MARKETING_VERSION = 1.0;
				PRODUCT_BUNDLE_IDENTIFIER = com.liruihua.DesktopPetUITests;
				PRODUCT_NAME = "$(TARGET_NAME)";
				SWIFT_EMIT_LOC_STRINGS = NO;
				SWIFT_VERSION = 5.0;
				TEST_TARGET_NAME = DesktopPet;
			};
			name = Release;
		};
/* End XCBuildConfiguration section */

/* Begin XCConfigurationList section */
		CFEC87E52E17C6740098F384 /* Build configuration list for PBXProject "DesktopPet" */ = {
			isa = XCConfigurationList;
			buildConfigurations = (
				CFEC880D2E17C6750098F384 /* Debug */,
				CFEC880E2E17C6750098F384 /* Release */,
			);
			defaultConfigurationIsVisible = 0;
			defaultConfigurationName = Release;
		};
		CFEC880F2E17C6750098F384 /* Build configuration list for PBXNativeTarget "DesktopPet" */ = {
			isa = XCConfigurationList;
			buildConfigurations = (
				CFEC88102E17C6750098F384 /* Debug */,
				CFEC88112E17C6750098F384 /* Release */,
			);
			defaultConfigurationIsVisible = 0;
			defaultConfigurationName = Release;
		};
		CFEC88122E17C6750098F384 /* Build configuration list for PBXNativeTarget "DesktopPetTests" */ = {
			isa = XCConfigurationList;
			buildConfigurations = (
				CFEC88132E17C6750098F384 /* Debug */,
				CFEC88142E17C6750098F384 /* Release */,
			);
			defaultConfigurationIsVisible = 0;
			defaultConfigurationName = Release;
		};
		CFEC88152E17C6750098F384 /* Build configuration list for PBXNativeTarget "DesktopPetUITests" */ = {
			isa = XCConfigurationList;
			buildConfigurations = (
				CFEC88162E17C6750098F384 /* Debug */,
				CFEC88172E17C6750098F384 /* Release */,
			);
			defaultConfigurationIsVisible = 0;
			defaultConfigurationName = Release;
		};
/* End XCConfigurationList section */
	};
	rootObject = CFEC87E22E17C6740098F384 /* Project object */;
}
